{
  "name": "script",
  "lockfileVersion": 3,
  "requires": true,
  "packages": {
    "": {
      "name": "script",
      "dependencies": {
        "@prisma/client": "^5.18.0",
        "prisma": "^5.18.0"
      },
      "devDependencies": {
        "@types/bun": "latest"
      },
      "peerDependencies": {
        "typescript": "^5.0.0"
      }
    },
    "node_modules/@prisma/client": {
      "version": "5.18.0",
      "resolved": "https://registry.npmjs.org/@prisma/client/-/client-5.18.0.tgz",
      "integrity": "sha512-BWivkLh+af1kqC89zCJYkHsRcyWsM8/JHpsDMM76DjP3ZdEquJhXa4IeX+HkWPnwJ5FanxEJFZZDTWiDs/Kvyw==",
      "hasInstallScript": true,
      "engines": {
        "node": ">=16.13"
      },
      "peerDependencies": {
        "prisma": "*"
      },
      "peerDependenciesMeta": {
        "prisma": {
          "optional": true
        }
      }
    },
    "node_modules/@prisma/debug": {
      "version": "5.18.0",
      "resolved": "https://registry.npmjs.org/@prisma/debug/-/debug-5.18.0.tgz",
      "integrity": "sha512-f+ZvpTLidSo3LMJxQPVgAxdAjzv5OpzAo/eF8qZqbwvgi2F5cTOI9XCpdRzJYA0iGfajjwjOKKrVq64vkxEfUw=="
    },
    "node_modules/@prisma/engines": {
      "version": "5.18.0",
      "resolved": "https://registry.npmjs.org/@prisma/engines/-/engines-5.18.0.tgz",
      "integrity": "sha512-ofmpGLeJ2q2P0wa/XaEgTnX/IsLnvSp/gZts0zjgLNdBhfuj2lowOOPmDcfKljLQUXMvAek3lw5T01kHmCG8rg==",
      "hasInstallScript": true,
      "dependencies": {
        "@prisma/debug": "5.18.0",
        "@prisma/engines-version": "5.18.0-25.4c784e32044a8a016d99474bd02a3b6123742169",
        "@prisma/fetch-engine": "5.18.0",
        "@prisma/get-platform": "5.18.0"
      }
    },
    "node_modules/@prisma/engines-version": {
      "version": "5.18.0-25.4c784e32044a8a016d99474bd02a3b6123742169",
      "resolved": "https://registry.npmjs.org/@prisma/engines-version/-/engines-version-5.18.0-25.4c784e32044a8a016d99474bd02a3b6123742169.tgz",
      "integrity": "sha512-a/+LpJj8vYU3nmtkg+N3X51ddbt35yYrRe8wqHTJtYQt7l1f8kjIBcCs6sHJvodW/EK5XGvboOiwm47fmNrbgg=="
    },
    "node_modules/@prisma/fetch-engine": {
      "version": "5.18.0",
      "resolved": "https://registry.npmjs.org/@prisma/fetch-engine/-/fetch-engine-5.18.0.tgz",
      "integrity": "sha512-I/3u0x2n31rGaAuBRx2YK4eB7R/1zCuayo2DGwSpGyrJWsZesrV7QVw7ND0/Suxeo/vLkJ5OwuBqHoCxvTHpOg==",
      "dependencies": {
        "@prisma/debug": "5.18.0",
        "@prisma/engines-version": "5.18.0-25.4c784e32044a8a016d99474bd02a3b6123742169",
        "@prisma/get-platform": "5.18.0"
      }
    },
    "node_modules/@prisma/get-platform": {
      "version": "5.18.0",
      "resolved": "https://registry.npmjs.org/@prisma/get-platform/-/get-platform-5.18.0.tgz",
      "integrity": "sha512-Tk+m7+uhqcKDgnMnFN0lRiH7Ewea0OEsZZs9pqXa7i3+7svS3FSCqDBCaM9x5fmhhkufiG0BtunJVDka+46DlA==",
      "dependencies": {
        "@prisma/debug": "5.18.0"
      }
    },
    "node_modules/@types/bun": {
      "version": "1.1.6",
      "resolved": "https://registry.npmjs.org/@types/bun/-/bun-1.1.6.tgz",
      "integrity": "sha512-uJgKjTdX0GkWEHZzQzFsJkWp5+43ZS7HC8sZPFnOwnSo1AsNl2q9o2bFeS23disNDqbggEgyFkKCHl/w8iZsMA==",
      "dev": true,
      "dependencies": {
        "bun-types": "1.1.17"
      }
    },
    "node_modules/@types/node": {
      "version": "20.12.14",
      "resolved": "https://registry.npmjs.org/@types/node/-/node-20.12.14.tgz",
      "integrity": "sha512-scnD59RpYD91xngrQQLGkE+6UrHUPzeKZWhhjBSa3HSkwjbQc38+q3RoIVEwxQGRw3M+j5hpNAM+lgV3cVormg==",
      "dev": true,
      "dependencies": {
        "undici-types": "~5.26.4"
      }
    },
    "node_modules/@types/ws": {
      "version": "8.5.12",
      "resolved": "https://registry.npmjs.org/@types/ws/-/ws-8.5.12.tgz",
      "integrity": "sha512-3tPRkv1EtkDpzlgyKyI8pGsGZAGPEaXeu0DOj5DI25Ja91bdAYddYHbADRYVrZMRbfW+1l5YwXVDKohDJNQxkQ==",
      "dev": true,
      "dependencies": {
        "@types/node": "*"
      }
    },
    "node_modules/bun-types": {
      "version": "1.1.17",
      "resolved": "https://registry.npmjs.org/bun-types/-/bun-types-1.1.17.tgz",
      "integrity": "sha512-Z4+OplcSd/YZq7ZsrfD00DKJeCwuNY96a1IDJyR73+cTBaFIS7SC6LhpY/W3AMEXO9iYq5NJ58WAwnwL1p5vKg==",
      "dev": true,
      "dependencies": {
        "@types/node": "~20.12.8",
        "@types/ws": "~8.5.10"
      }
    },
    "node_modules/prisma": {
      "version": "5.18.0",
      "resolved": "https://registry.npmjs.org/prisma/-/prisma-5.18.0.tgz",
      "integrity": "sha512-+TrSIxZsh64OPOmaSgVPH7ALL9dfU0jceYaMJXsNrTkFHO7/3RANi5K2ZiPB1De9+KDxCWn7jvRq8y8pvk+o9g==",
      "hasInstallScript": true,
      "dependencies": {
        "@prisma/engines": "5.18.0"
      },
      "bin": {
        "prisma": "build/index.js"
      },
      "engines": {
        "node": ">=16.13"
      }
    },
    "node_modules/typescript": {
      "version": "5.5.4",
      "resolved": "https://registry.npmjs.org/typescript/-/typescript-5.5.4.tgz",
      "integrity": "sha512-Mtq29sKDAEYP7aljRgtPOpTvOfbwRWlS6dPRzwjdE+C0R4brX/GUyhHSecbHMFLNBLcJIPt9nl9yG5TZ1weH+Q==",
      "peer": true,
      "bin": {
        "tsc": "bin/tsc",
        "tsserver": "bin/tsserver"
      },
      "engines": {
        "node": ">=14.17"
      }
    },
    "node_modules/undici-types": {
      "version": "5.26.5",
      "resolved": "https://registry.npmjs.org/undici-types/-/undici-types-5.26.5.tgz",
      "integrity": "sha512-JlCMO+ehdEIKqlFxk6IfVoAUVmgz7cU7zD/h9XZ0qzeosSHmUJVOzSQvvYSYWXkFXC+IfLKSIffhv0sVZup6pA==",
      "dev": true
    }
  }
}
